
Microsoft Visual Studio Solution File, Format Version 12.00
# Visual Studio 2012
Project("{2150E333-8FDC-42A3-9474-1A3956D46DE8}") = "Backend", "Backend", "{AFB31C02-4A8A-46C4-A54C-4D1FE5A7C62C}"
EndProject
Project("{2150E333-8FDC-42A3-9474-1A3956D46DE8}") = "Common", "Common", "{18465E5D-5ECE-4F0E-A5F2-FC1D008F5C2D}"
EndProject
Project("{2150E333-8FDC-42A3-9474-1A3956D46DE8}") = "Task", "Task", "{DF90DFED-3719-40DE-893A-0ACD32B4A5D4}"
EndProject
Project("{FAE04EC0-301F-11D3-BF4B-00C04F79EFBC}") = "BridgeTry.Backend.Core.Mac.Monobjc", "Task\Backend\Core\BridgeTry.Backend.Core.Mac.Monobjc.csproj", "{B5FDC856-27DE-403F-854B-8672FCE879CF}"
EndProject
Project("{FAE04EC0-301F-11D3-BF4B-00C04F79EFBC}") = "BridgeTry.Backend.Core.Test.Mac.Monobjc", "Task\Backend\Core.Test\BridgeTry.Backend.Core.Test.Mac.Monobjc.csproj", "{D0F9FDED-B9DF-44D2-A5D3-C76A8A1D1FB4}"
EndProject
Project("{2150E333-8FDC-42A3-9474-1A3956D46DE8}") = "Vici", "Vici", "{FC43A7A4-88D1-4D35-AFC6-8737FF7824E9}"
EndProject
Project("{FAE04EC0-301F-11D3-BF4B-00C04F79EFBC}") = "Vici.CoolStorage.PCL", "Modules\Vici\CoolStorage\library\Vici.CoolStorage.PCL.csproj", "{2DD3D8D0-7CEC-4915-B279-5DED87FA5169}"
EndProject
Project("{FAE04EC0-301F-11D3-BF4B-00C04F79EFBC}") = "Vici.Core.PCL", "Modules\Vici\Core\Library\Vici.Core.PCL.csproj", "{F3DF58D7-69AD-49F6-838F-6BDF02D3886A}"
EndProject
Project("{2150E333-8FDC-42A3-9474-1A3956D46DE8}") = "PlatformImplemented", "PlatformImplemented", "{1AC06F21-2349-4F68-A000-A78BB20BDAE1}"
EndProject
Project("{2150E333-8FDC-42A3-9474-1A3956D46DE8}") = "Vici", "Vici", "{43C99927-98DF-4F5C-ABD5-88E1D3077544}"
EndProject
Project("{FAE04EC0-301F-11D3-BF4B-00C04F79EFBC}") = "Vici.CoolStorage.Sqlite.Mac.Monobjc", "Modules\Vici\CoolStorage\drivers\monobjc-mac-sqlite\Vici.CoolStorage.Sqlite.Mac.Monobjc.csproj", "{6B1EFBFE-9255-46B0-9E9E-4CA4663B241E}"
EndProject
Project("{FAE04EC0-301F-11D3-BF4B-00C04F79EFBC}") = "WebMarco.Backend.App.Mac.Monobjc", "WebMarco.Backend.App\WebMarco.Backend.App.Mac.Monobjc.csproj", "{981DFA30-DC22-4789-A31B-21BC5E54EC02}"
EndProject
Project("{FAE04EC0-301F-11D3-BF4B-00C04F79EFBC}") = "WebMarco.Backend.Bridge.Mac.Monobjc", "WebMarco.Backend.Bridge\WebMarco.Backend.Bridge.Mac.Monobjc.csproj", "{97BB789D-E03A-463D-8701-313FDE9BCB93}"
EndProject
Project("{2150E333-8FDC-42A3-9474-1A3956D46DE8}") = "Frontend", "Frontend", "{E834AFE7-336F-4AEE-BE23-65E426B2E667}"
EndProject
Project("{2150E333-8FDC-42A3-9474-1A3956D46DE8}") = "Common", "Common", "{F939AEA0-B408-47C7-862C-3AE5DA1AE93D}"
EndProject
Project("{2150E333-8FDC-42A3-9474-1A3956D46DE8}") = "Task", "Task", "{9A8AD034-93BA-4CA1-8489-84E59589BB09}"
EndProject
Project("{FAE04EC0-301F-11D3-BF4B-00C04F79EFBC}") = "BridgeTry.Frontend.Mac.Monobjc", "Task\Frontend\BridgeTry.Frontend.Mac.Monobjc.csproj", "{EACA62DF-5BF8-4643-96D9-9204B841D19A}"
EndProject
Project("{FAE04EC0-301F-11D3-BF4B-00C04F79EFBC}") = "WebMarco.Frontend.Mac.Monobjc", "WebMarco.Frontend\WebMarco.Frontend.Mac.Monobjc.csproj", "{16221803-A863-42FF-9016-CAE7E36A0776}"
EndProject
Project("{2150E333-8FDC-42A3-9474-1A3956D46DE8}") = "Task", "Task", "{69D75367-7152-410E-B65D-B5C45709FC53}"
EndProject
Project("{2150E333-8FDC-42A3-9474-1A3956D46DE8}") = "PlatformImplemented", "PlatformImplemented", "{53649439-FF3C-4A73-A218-D0BE4088AD82}"
EndProject
Project("{FAE04EC0-301F-11D3-BF4B-00C04F79EFBC}") = "BridgeTry.Mac.Monobjc", "Task\Platforms\Mac\BridgeTry.Mac.Monobjc.csproj", "{E6CC7EC3-E7CC-4FE4-AF58-9261FBDE11C5}"
EndProject
Project("{2150E333-8FDC-42A3-9474-1A3956D46DE8}") = "Utilities", "Utilities", "{A69CD7B0-68D0-4633-8F24-701CF9FBF5DD}"
EndProject
Project("{FAE04EC0-301F-11D3-BF4B-00C04F79EFBC}") = "WebMarco.Utilities.Mac.Monobjc", "WebMarco.Utilities\WebMarco.Utilities.Mac.Monobjc.csproj", "{107E0A2A-F4D3-4E09-B1C3-DB587B6F1F0B}"
EndProject
Project("{FAE04EC0-301F-11D3-BF4B-00C04F79EFBC}") = "WebMarco.Utilities.Test.Mac.Monobjc", "WebMarco.Utilities.Test\WebMarco.Utilities.Test.Mac.Monobjc.csproj", "{1D59BF9D-9111-4CBC-8F54-F8E44063E6F6}"
EndProject
Global
	GlobalSection(SolutionConfigurationPlatforms) = preSolution
		Debug|Any CPU = Debug|Any CPU
		Release|Any CPU = Release|Any CPU
		AppStore|Any CPU = AppStore|Any CPU
		Debug|x86 = Debug|x86
		Release|x86 = Release|x86
		Debug|x64 = Debug|x64
		Release|x64 = Release|x64
	EndGlobalSection
	GlobalSection(ProjectConfigurationPlatforms) = postSolution
		{107E0A2A-F4D3-4E09-B1C3-DB587B6F1F0B}.AppStore|Any CPU.ActiveCfg = Release|Any CPU
		{107E0A2A-F4D3-4E09-B1C3-DB587B6F1F0B}.AppStore|Any CPU.Build.0 = Release|Any CPU
		{107E0A2A-F4D3-4E09-B1C3-DB587B6F1F0B}.Debug|Any CPU.ActiveCfg = Debug|Any CPU
		{107E0A2A-F4D3-4E09-B1C3-DB587B6F1F0B}.Debug|Any CPU.Build.0 = Debug|Any CPU
		{107E0A2A-F4D3-4E09-B1C3-DB587B6F1F0B}.Debug|x64.ActiveCfg = Debug|Any CPU
		{107E0A2A-F4D3-4E09-B1C3-DB587B6F1F0B}.Debug|x64.Build.0 = Debug|Any CPU
		{107E0A2A-F4D3-4E09-B1C3-DB587B6F1F0B}.Debug|x86.ActiveCfg = Debug|Any CPU
		{107E0A2A-F4D3-4E09-B1C3-DB587B6F1F0B}.Debug|x86.Build.0 = Debug|Any CPU
		{107E0A2A-F4D3-4E09-B1C3-DB587B6F1F0B}.Release|Any CPU.ActiveCfg = Release|Any CPU
		{107E0A2A-F4D3-4E09-B1C3-DB587B6F1F0B}.Release|Any CPU.Build.0 = Release|Any CPU
		{107E0A2A-F4D3-4E09-B1C3-DB587B6F1F0B}.Release|x64.ActiveCfg = Release|Any CPU
		{107E0A2A-F4D3-4E09-B1C3-DB587B6F1F0B}.Release|x64.Build.0 = Release|Any CPU
		{107E0A2A-F4D3-4E09-B1C3-DB587B6F1F0B}.Release|x86.ActiveCfg = Release|Any CPU
		{107E0A2A-F4D3-4E09-B1C3-DB587B6F1F0B}.Release|x86.Build.0 = Release|Any CPU
		{16221803-A863-42FF-9016-CAE7E36A0776}.AppStore|Any CPU.ActiveCfg = Debug|Any CPU
		{16221803-A863-42FF-9016-CAE7E36A0776}.AppStore|Any CPU.Build.0 = Debug|Any CPU
		{16221803-A863-42FF-9016-CAE7E36A0776}.Debug|Any CPU.ActiveCfg = Debug|Any CPU
		{16221803-A863-42FF-9016-CAE7E36A0776}.Debug|Any CPU.Build.0 = Debug|Any CPU
		{16221803-A863-42FF-9016-CAE7E36A0776}.Debug|x64.ActiveCfg = Debug|Any CPU
		{16221803-A863-42FF-9016-CAE7E36A0776}.Debug|x64.Build.0 = Debug|Any CPU
		{16221803-A863-42FF-9016-CAE7E36A0776}.Debug|x86.ActiveCfg = Debug|Any CPU
		{16221803-A863-42FF-9016-CAE7E36A0776}.Debug|x86.Build.0 = Debug|Any CPU
		{16221803-A863-42FF-9016-CAE7E36A0776}.Release|Any CPU.ActiveCfg = Release|Any CPU
		{16221803-A863-42FF-9016-CAE7E36A0776}.Release|Any CPU.Build.0 = Release|Any CPU
		{16221803-A863-42FF-9016-CAE7E36A0776}.Release|x64.ActiveCfg = Release|Any CPU
		{16221803-A863-42FF-9016-CAE7E36A0776}.Release|x64.Build.0 = Release|Any CPU
		{16221803-A863-42FF-9016-CAE7E36A0776}.Release|x86.ActiveCfg = Release|Any CPU
		{16221803-A863-42FF-9016-CAE7E36A0776}.Release|x86.Build.0 = Release|Any CPU
		{1D59BF9D-9111-4CBC-8F54-F8E44063E6F6}.AppStore|Any CPU.ActiveCfg = Release|Any CPU
		{1D59BF9D-9111-4CBC-8F54-F8E44063E6F6}.AppStore|Any CPU.Build.0 = Release|Any CPU
		{1D59BF9D-9111-4CBC-8F54-F8E44063E6F6}.Debug|Any CPU.ActiveCfg = Debug|Any CPU
		{1D59BF9D-9111-4CBC-8F54-F8E44063E6F6}.Debug|Any CPU.Build.0 = Debug|Any CPU
		{1D59BF9D-9111-4CBC-8F54-F8E44063E6F6}.Debug|x64.ActiveCfg = Debug|Any CPU
		{1D59BF9D-9111-4CBC-8F54-F8E44063E6F6}.Debug|x64.Build.0 = Debug|Any CPU
		{1D59BF9D-9111-4CBC-8F54-F8E44063E6F6}.Debug|x86.ActiveCfg = Debug|Any CPU
		{1D59BF9D-9111-4CBC-8F54-F8E44063E6F6}.Debug|x86.Build.0 = Debug|Any CPU
		{1D59BF9D-9111-4CBC-8F54-F8E44063E6F6}.Release|Any CPU.ActiveCfg = Release|Any CPU
		{1D59BF9D-9111-4CBC-8F54-F8E44063E6F6}.Release|Any CPU.Build.0 = Release|Any CPU
		{1D59BF9D-9111-4CBC-8F54-F8E44063E6F6}.Release|x64.ActiveCfg = Release|Any CPU
		{1D59BF9D-9111-4CBC-8F54-F8E44063E6F6}.Release|x64.Build.0 = Release|Any CPU
		{1D59BF9D-9111-4CBC-8F54-F8E44063E6F6}.Release|x86.ActiveCfg = Release|Any CPU
		{1D59BF9D-9111-4CBC-8F54-F8E44063E6F6}.Release|x86.Build.0 = Release|Any CPU
		{2DD3D8D0-7CEC-4915-B279-5DED87FA5169}.AppStore|Any CPU.ActiveCfg = Debug|Any CPU
		{2DD3D8D0-7CEC-4915-B279-5DED87FA5169}.AppStore|Any CPU.Build.0 = Debug|Any CPU
		{2DD3D8D0-7CEC-4915-B279-5DED87FA5169}.Debug|Any CPU.ActiveCfg = Debug|Any CPU
		{2DD3D8D0-7CEC-4915-B279-5DED87FA5169}.Debug|Any CPU.Build.0 = Debug|Any CPU
		{2DD3D8D0-7CEC-4915-B279-5DED87FA5169}.Debug|x64.ActiveCfg = Debug|Any CPU
		{2DD3D8D0-7CEC-4915-B279-5DED87FA5169}.Debug|x64.Build.0 = Debug|Any CPU
		{2DD3D8D0-7CEC-4915-B279-5DED87FA5169}.Debug|x86.ActiveCfg = Debug|Any CPU
		{2DD3D8D0-7CEC-4915-B279-5DED87FA5169}.Debug|x86.Build.0 = Debug|Any CPU
		{2DD3D8D0-7CEC-4915-B279-5DED87FA5169}.Release|Any CPU.ActiveCfg = Release|Any CPU
		{2DD3D8D0-7CEC-4915-B279-5DED87FA5169}.Release|Any CPU.Build.0 = Release|Any CPU
		{2DD3D8D0-7CEC-4915-B279-5DED87FA5169}.Release|x64.ActiveCfg = Release|Any CPU
		{2DD3D8D0-7CEC-4915-B279-5DED87FA5169}.Release|x64.Build.0 = Release|Any CPU
		{2DD3D8D0-7CEC-4915-B279-5DED87FA5169}.Release|x86.ActiveCfg = Release|Any CPU
		{2DD3D8D0-7CEC-4915-B279-5DED87FA5169}.Release|x86.Build.0 = Release|Any CPU
		{6B1EFBFE-9255-46B0-9E9E-4CA4663B241E}.AppStore|Any CPU.ActiveCfg = Release|Any CPU
		{6B1EFBFE-9255-46B0-9E9E-4CA4663B241E}.AppStore|Any CPU.Build.0 = Release|Any CPU
		{6B1EFBFE-9255-46B0-9E9E-4CA4663B241E}.Debug|Any CPU.ActiveCfg = Debug|Any CPU
		{6B1EFBFE-9255-46B0-9E9E-4CA4663B241E}.Debug|Any CPU.Build.0 = Debug|Any CPU
		{6B1EFBFE-9255-46B0-9E9E-4CA4663B241E}.Debug|x64.ActiveCfg = Debug|Any CPU
		{6B1EFBFE-9255-46B0-9E9E-4CA4663B241E}.Debug|x64.Build.0 = Debug|Any CPU
		{6B1EFBFE-9255-46B0-9E9E-4CA4663B241E}.Debug|x86.ActiveCfg = Debug|Any CPU
		{6B1EFBFE-9255-46B0-9E9E-4CA4663B241E}.Debug|x86.Build.0 = Debug|Any CPU
		{6B1EFBFE-9255-46B0-9E9E-4CA4663B241E}.Release|Any CPU.ActiveCfg = Release|Any CPU
		{6B1EFBFE-9255-46B0-9E9E-4CA4663B241E}.Release|Any CPU.Build.0 = Release|Any CPU
		{6B1EFBFE-9255-46B0-9E9E-4CA4663B241E}.Release|x64.ActiveCfg = Release|Any CPU
		{6B1EFBFE-9255-46B0-9E9E-4CA4663B241E}.Release|x64.Build.0 = Release|Any CPU
		{6B1EFBFE-9255-46B0-9E9E-4CA4663B241E}.Release|x86.ActiveCfg = Release|Any CPU
		{6B1EFBFE-9255-46B0-9E9E-4CA4663B241E}.Release|x86.Build.0 = Release|Any CPU
		{97BB789D-E03A-463D-8701-313FDE9BCB93}.AppStore|Any CPU.ActiveCfg = Debug|Any CPU
		{97BB789D-E03A-463D-8701-313FDE9BCB93}.AppStore|Any CPU.Build.0 = Debug|Any CPU
		{97BB789D-E03A-463D-8701-313FDE9BCB93}.Debug|Any CPU.ActiveCfg = Debug|Any CPU
		{97BB789D-E03A-463D-8701-313FDE9BCB93}.Debug|Any CPU.Build.0 = Debug|Any CPU
		{97BB789D-E03A-463D-8701-313FDE9BCB93}.Debug|x64.ActiveCfg = Debug|Any CPU
		{97BB789D-E03A-463D-8701-313FDE9BCB93}.Debug|x64.Build.0 = Debug|Any CPU
		{97BB789D-E03A-463D-8701-313FDE9BCB93}.Debug|x86.ActiveCfg = Debug|Any CPU
		{97BB789D-E03A-463D-8701-313FDE9BCB93}.Debug|x86.Build.0 = Debug|Any CPU
		{97BB789D-E03A-463D-8701-313FDE9BCB93}.Release|Any CPU.ActiveCfg = Release|Any CPU
		{97BB789D-E03A-463D-8701-313FDE9BCB93}.Release|Any CPU.Build.0 = Release|Any CPU
		{97BB789D-E03A-463D-8701-313FDE9BCB93}.Release|x64.ActiveCfg = Release|Any CPU
		{97BB789D-E03A-463D-8701-313FDE9BCB93}.Release|x64.Build.0 = Release|Any CPU
		{97BB789D-E03A-463D-8701-313FDE9BCB93}.Release|x86.ActiveCfg = Release|Any CPU
		{97BB789D-E03A-463D-8701-313FDE9BCB93}.Release|x86.Build.0 = Release|Any CPU
		{981DFA30-DC22-4789-A31B-21BC5E54EC02}.AppStore|Any CPU.ActiveCfg = Debug|Any CPU
		{981DFA30-DC22-4789-A31B-21BC5E54EC02}.AppStore|Any CPU.Build.0 = Debug|Any CPU
		{981DFA30-DC22-4789-A31B-21BC5E54EC02}.Debug|Any CPU.ActiveCfg = Debug|Any CPU
		{981DFA30-DC22-4789-A31B-21BC5E54EC02}.Debug|Any CPU.Build.0 = Debug|Any CPU
		{981DFA30-DC22-4789-A31B-21BC5E54EC02}.Debug|x64.ActiveCfg = Debug|Any CPU
		{981DFA30-DC22-4789-A31B-21BC5E54EC02}.Debug|x64.Build.0 = Debug|Any CPU
		{981DFA30-DC22-4789-A31B-21BC5E54EC02}.Debug|x86.ActiveCfg = Debug|Any CPU
		{981DFA30-DC22-4789-A31B-21BC5E54EC02}.Debug|x86.Build.0 = Debug|Any CPU
		{981DFA30-DC22-4789-A31B-21BC5E54EC02}.Release|Any CPU.ActiveCfg = Release|Any CPU
		{981DFA30-DC22-4789-A31B-21BC5E54EC02}.Release|Any CPU.Build.0 = Release|Any CPU
		{981DFA30-DC22-4789-A31B-21BC5E54EC02}.Release|x64.ActiveCfg = Release|Any CPU
		{981DFA30-DC22-4789-A31B-21BC5E54EC02}.Release|x64.Build.0 = Release|Any CPU
		{981DFA30-DC22-4789-A31B-21BC5E54EC02}.Release|x86.ActiveCfg = Release|Any CPU
		{981DFA30-DC22-4789-A31B-21BC5E54EC02}.Release|x86.Build.0 = Release|Any CPU
		{B5FDC856-27DE-403F-854B-8672FCE879CF}.AppStore|Any CPU.ActiveCfg = Debug|Any CPU
		{B5FDC856-27DE-403F-854B-8672FCE879CF}.AppStore|Any CPU.Build.0 = Debug|Any CPU
		{B5FDC856-27DE-403F-854B-8672FCE879CF}.Debug|Any CPU.ActiveCfg = Debug|Any CPU
		{B5FDC856-27DE-403F-854B-8672FCE879CF}.Debug|Any CPU.Build.0 = Debug|Any CPU
		{B5FDC856-27DE-403F-854B-8672FCE879CF}.Debug|x64.ActiveCfg = Debug|Any CPU
		{B5FDC856-27DE-403F-854B-8672FCE879CF}.Debug|x64.Build.0 = Debug|Any CPU
		{B5FDC856-27DE-403F-854B-8672FCE879CF}.Debug|x86.ActiveCfg = Debug|Any CPU
		{B5FDC856-27DE-403F-854B-8672FCE879CF}.Debug|x86.Build.0 = Debug|Any CPU
		{B5FDC856-27DE-403F-854B-8672FCE879CF}.Release|Any CPU.ActiveCfg = Release|Any CPU
		{B5FDC856-27DE-403F-854B-8672FCE879CF}.Release|Any CPU.Build.0 = Release|Any CPU
		{B5FDC856-27DE-403F-854B-8672FCE879CF}.Release|x64.ActiveCfg = Release|Any CPU
		{B5FDC856-27DE-403F-854B-8672FCE879CF}.Release|x64.Build.0 = Release|Any CPU
		{B5FDC856-27DE-403F-854B-8672FCE879CF}.Release|x86.ActiveCfg = Release|Any CPU
		{B5FDC856-27DE-403F-854B-8672FCE879CF}.Release|x86.Build.0 = Release|Any CPU
		{D0F9FDED-B9DF-44D2-A5D3-C76A8A1D1FB4}.AppStore|Any CPU.ActiveCfg = AppStore|Any CPU
		{D0F9FDED-B9DF-44D2-A5D3-C76A8A1D1FB4}.AppStore|Any CPU.Build.0 = AppStore|Any CPU
		{D0F9FDED-B9DF-44D2-A5D3-C76A8A1D1FB4}.Debug|Any CPU.ActiveCfg = Debug|Any CPU
		{D0F9FDED-B9DF-44D2-A5D3-C76A8A1D1FB4}.Debug|Any CPU.Build.0 = Debug|Any CPU
		{D0F9FDED-B9DF-44D2-A5D3-C76A8A1D1FB4}.Debug|x64.ActiveCfg = Debug|Any CPU
		{D0F9FDED-B9DF-44D2-A5D3-C76A8A1D1FB4}.Debug|x64.Build.0 = Debug|Any CPU
		{D0F9FDED-B9DF-44D2-A5D3-C76A8A1D1FB4}.Debug|x86.ActiveCfg = Debug|Any CPU
		{D0F9FDED-B9DF-44D2-A5D3-C76A8A1D1FB4}.Debug|x86.Build.0 = Debug|Any CPU
		{D0F9FDED-B9DF-44D2-A5D3-C76A8A1D1FB4}.Release|Any CPU.ActiveCfg = Release|Any CPU
		{D0F9FDED-B9DF-44D2-A5D3-C76A8A1D1FB4}.Release|Any CPU.Build.0 = Release|Any CPU
		{D0F9FDED-B9DF-44D2-A5D3-C76A8A1D1FB4}.Release|x64.ActiveCfg = Release|Any CPU
		{D0F9FDED-B9DF-44D2-A5D3-C76A8A1D1FB4}.Release|x64.Build.0 = Release|Any CPU
		{D0F9FDED-B9DF-44D2-A5D3-C76A8A1D1FB4}.Release|x86.ActiveCfg = Release|Any CPU
		{D0F9FDED-B9DF-44D2-A5D3-C76A8A1D1FB4}.Release|x86.Build.0 = Release|Any CPU
		{E6CC7EC3-E7CC-4FE4-AF58-9261FBDE11C5}.AppStore|Any CPU.ActiveCfg = AppStore|Any CPU
		{E6CC7EC3-E7CC-4FE4-AF58-9261FBDE11C5}.AppStore|Any CPU.Build.0 = AppStore|Any CPU
		{E6CC7EC3-E7CC-4FE4-AF58-9261FBDE11C5}.Debug|Any CPU.ActiveCfg = Debug|Any CPU
		{E6CC7EC3-E7CC-4FE4-AF58-9261FBDE11C5}.Debug|Any CPU.Build.0 = Debug|Any CPU
		{E6CC7EC3-E7CC-4FE4-AF58-9261FBDE11C5}.Debug|x64.ActiveCfg = Debug|Any CPU
		{E6CC7EC3-E7CC-4FE4-AF58-9261FBDE11C5}.Debug|x64.Build.0 = Debug|Any CPU
		{E6CC7EC3-E7CC-4FE4-AF58-9261FBDE11C5}.Debug|x86.ActiveCfg = Debug|Any CPU
		{E6CC7EC3-E7CC-4FE4-AF58-9261FBDE11C5}.Debug|x86.Build.0 = Debug|Any CPU
		{E6CC7EC3-E7CC-4FE4-AF58-9261FBDE11C5}.Release|Any CPU.ActiveCfg = Release|Any CPU
		{E6CC7EC3-E7CC-4FE4-AF58-9261FBDE11C5}.Release|Any CPU.Build.0 = Release|Any CPU
		{E6CC7EC3-E7CC-4FE4-AF58-9261FBDE11C5}.Release|x64.ActiveCfg = Release|Any CPU
		{E6CC7EC3-E7CC-4FE4-AF58-9261FBDE11C5}.Release|x64.Build.0 = Release|Any CPU
		{E6CC7EC3-E7CC-4FE4-AF58-9261FBDE11C5}.Release|x86.ActiveCfg = Release|Any CPU
		{E6CC7EC3-E7CC-4FE4-AF58-9261FBDE11C5}.Release|x86.Build.0 = Release|Any CPU
		{EACA62DF-5BF8-4643-96D9-9204B841D19A}.AppStore|Any CPU.ActiveCfg = Debug|Any CPU
		{EACA62DF-5BF8-4643-96D9-9204B841D19A}.AppStore|Any CPU.Build.0 = Debug|Any CPU
		{EACA62DF-5BF8-4643-96D9-9204B841D19A}.Debug|Any CPU.ActiveCfg = Debug|Any CPU
		{EACA62DF-5BF8-4643-96D9-9204B841D19A}.Debug|Any CPU.Build.0 = Debug|Any CPU
		{EACA62DF-5BF8-4643-96D9-9204B841D19A}.Debug|x64.ActiveCfg = Debug|Any CPU
		{EACA62DF-5BF8-4643-96D9-9204B841D19A}.Debug|x64.Build.0 = Debug|Any CPU
		{EACA62DF-5BF8-4643-96D9-9204B841D19A}.Debug|x86.ActiveCfg = Debug|Any CPU
		{EACA62DF-5BF8-4643-96D9-9204B841D19A}.Debug|x86.Build.0 = Debug|Any CPU
		{EACA62DF-5BF8-4643-96D9-9204B841D19A}.Release|Any CPU.ActiveCfg = Release|Any CPU
		{EACA62DF-5BF8-4643-96D9-9204B841D19A}.Release|Any CPU.Build.0 = Release|Any CPU
		{EACA62DF-5BF8-4643-96D9-9204B841D19A}.Release|x64.ActiveCfg = Release|Any CPU
		{EACA62DF-5BF8-4643-96D9-9204B841D19A}.Release|x64.Build.0 = Release|Any CPU
		{EACA62DF-5BF8-4643-96D9-9204B841D19A}.Release|x86.ActiveCfg = Release|Any CPU
		{EACA62DF-5BF8-4643-96D9-9204B841D19A}.Release|x86.Build.0 = Release|Any CPU
		{F3DF58D7-69AD-49F6-838F-6BDF02D3886A}.AppStore|Any CPU.ActiveCfg = Debug|Any CPU
		{F3DF58D7-69AD-49F6-838F-6BDF02D3886A}.AppStore|Any CPU.Build.0 = Debug|Any CPU
		{F3DF58D7-69AD-49F6-838F-6BDF02D3886A}.Debug|Any CPU.ActiveCfg = Debug|Any CPU
		{F3DF58D7-69AD-49F6-838F-6BDF02D3886A}.Debug|Any CPU.Build.0 = Debug|Any CPU
		{F3DF58D7-69AD-49F6-838F-6BDF02D3886A}.Debug|x64.ActiveCfg = Debug|Any CPU
		{F3DF58D7-69AD-49F6-838F-6BDF02D3886A}.Debug|x64.Build.0 = Debug|Any CPU
		{F3DF58D7-69AD-49F6-838F-6BDF02D3886A}.Debug|x86.ActiveCfg = Debug|Any CPU
		{F3DF58D7-69AD-49F6-838F-6BDF02D3886A}.Debug|x86.Build.0 = Debug|Any CPU
		{F3DF58D7-69AD-49F6-838F-6BDF02D3886A}.Release|Any CPU.ActiveCfg = Release|Any CPU
		{F3DF58D7-69AD-49F6-838F-6BDF02D3886A}.Release|Any CPU.Build.0 = Release|Any CPU
		{F3DF58D7-69AD-49F6-838F-6BDF02D3886A}.Release|x64.ActiveCfg = Release|Any CPU
		{F3DF58D7-69AD-49F6-838F-6BDF02D3886A}.Release|x64.Build.0 = Release|Any CPU
		{F3DF58D7-69AD-49F6-838F-6BDF02D3886A}.Release|x86.ActiveCfg = Release|Any CPU
		{F3DF58D7-69AD-49F6-838F-6BDF02D3886A}.Release|x86.Build.0 = Release|Any CPU
	EndGlobalSection
	GlobalSection(NestedProjects) = preSolution
		{18465E5D-5ECE-4F0E-A5F2-FC1D008F5C2D} = {AFB31C02-4A8A-46C4-A54C-4D1FE5A7C62C}
		{1AC06F21-2349-4F68-A000-A78BB20BDAE1} = {AFB31C02-4A8A-46C4-A54C-4D1FE5A7C62C}
		{981DFA30-DC22-4789-A31B-21BC5E54EC02} = {AFB31C02-4A8A-46C4-A54C-4D1FE5A7C62C}
		{97BB789D-E03A-463D-8701-313FDE9BCB93} = {AFB31C02-4A8A-46C4-A54C-4D1FE5A7C62C}
		{DF90DFED-3719-40DE-893A-0ACD32B4A5D4} = {18465E5D-5ECE-4F0E-A5F2-FC1D008F5C2D}
		{FC43A7A4-88D1-4D35-AFC6-8737FF7824E9} = {18465E5D-5ECE-4F0E-A5F2-FC1D008F5C2D}
		{B5FDC856-27DE-403F-854B-8672FCE879CF} = {DF90DFED-3719-40DE-893A-0ACD32B4A5D4}
		{D0F9FDED-B9DF-44D2-A5D3-C76A8A1D1FB4} = {DF90DFED-3719-40DE-893A-0ACD32B4A5D4}
		{2DD3D8D0-7CEC-4915-B279-5DED87FA5169} = {FC43A7A4-88D1-4D35-AFC6-8737FF7824E9}
		{F3DF58D7-69AD-49F6-838F-6BDF02D3886A} = {FC43A7A4-88D1-4D35-AFC6-8737FF7824E9}
		{43C99927-98DF-4F5C-ABD5-88E1D3077544} = {1AC06F21-2349-4F68-A000-A78BB20BDAE1}
		{6B1EFBFE-9255-46B0-9E9E-4CA4663B241E} = {43C99927-98DF-4F5C-ABD5-88E1D3077544}
		{F939AEA0-B408-47C7-862C-3AE5DA1AE93D} = {E834AFE7-336F-4AEE-BE23-65E426B2E667}
		{16221803-A863-42FF-9016-CAE7E36A0776} = {E834AFE7-336F-4AEE-BE23-65E426B2E667}
		{9A8AD034-93BA-4CA1-8489-84E59589BB09} = {F939AEA0-B408-47C7-862C-3AE5DA1AE93D}
		{EACA62DF-5BF8-4643-96D9-9204B841D19A} = {9A8AD034-93BA-4CA1-8489-84E59589BB09}
		{53649439-FF3C-4A73-A218-D0BE4088AD82} = {69D75367-7152-410E-B65D-B5C45709FC53}
		{E6CC7EC3-E7CC-4FE4-AF58-9261FBDE11C5} = {53649439-FF3C-4A73-A218-D0BE4088AD82}
		{107E0A2A-F4D3-4E09-B1C3-DB587B6F1F0B} = {A69CD7B0-68D0-4633-8F24-701CF9FBF5DD}
		{1D59BF9D-9111-4CBC-8F54-F8E44063E6F6} = {A69CD7B0-68D0-4633-8F24-701CF9FBF5DD}
	EndGlobalSection
	GlobalSection(MonoDevelopProperties) = preSolution
		StartupItem = Task\Platforms\Mac\BridgeTry.Mac.Monobjc.csproj
	EndGlobalSection
EndGlobal
