
Microsoft Visual Studio Solution File, Format Version 12.00
# Visual Studio 2012
Project("{2150E333-8FDC-42A3-9474-1A3956D46DE8}") = "Frontend", "Frontend", "{8CF100CB-E734-451A-AD56-DDEF76F53F1C}"
EndProject
Project("{2150E333-8FDC-42A3-9474-1A3956D46DE8}") = "Task", "Task", "{1AA33DBB-3D8D-4C55-983A-CA2D3F2310E9}"
EndProject
Project("{2150E333-8FDC-42A3-9474-1A3956D46DE8}") = "PlatformImplemented", "PlatformImplemented", "{14B0A316-402A-4ED5-A70B-E9E281CE93D6}"
EndProject
Project("{2150E333-8FDC-42A3-9474-1A3956D46DE8}") = "Utilities", "Utilities", "{5312C88F-F365-4F23-8292-DEC454518947}"
EndProject
Project("{FAE04EC0-301F-11D3-BF4B-00C04F79EFBC}") = "WebMarco.Utilities.Win", "WebMarco.Utilities\WebMarco.Utilities.Win.csproj", "{78CDAD65-F1C2-4AB3-B2C9-66BB422C3062}"
EndProject
Project("{2150E333-8FDC-42A3-9474-1A3956D46DE8}") = "Backend", "Backend", "{6D13BA17-8E37-4EFB-9C54-271B50F79A5B}"
EndProject
Project("{2150E333-8FDC-42A3-9474-1A3956D46DE8}") = "Common", "Common", "{D42D03C8-487E-4C3C-97AE-B75DBAC685E2}"
EndProject
Project("{2150E333-8FDC-42A3-9474-1A3956D46DE8}") = "PlatformImplemented", "PlatformImplemented", "{7EE2B43F-E3B0-474C-A7EC-D7EF5C61F784}"
EndProject
Project("{2150E333-8FDC-42A3-9474-1A3956D46DE8}") = "Vici", "Vici", "{21A4D69D-73F0-4EDA-872A-FD7BAEC7E009}"
EndProject
Project("{2150E333-8FDC-42A3-9474-1A3956D46DE8}") = "Vici", "Vici", "{75B7E2D2-C567-47AD-9170-F53A3C456F5E}"
EndProject
Project("{2150E333-8FDC-42A3-9474-1A3956D46DE8}") = "Task", "Task", "{DE6609AA-138D-4C08-A44E-E86776ACDC33}"
EndProject
Project("{FAE04EC0-301F-11D3-BF4B-00C04F79EFBC}") = "BridgeTry.Backend.Core.Win", "Task\Backend\Core\BridgeTry.Backend.Core.Win.csproj", "{A707CAA0-2670-49C8-94B3-254198825D2B}"
EndProject
Project("{FAE04EC0-301F-11D3-BF4B-00C04F79EFBC}") = "WebMarco.Backend.App.Win", "WebMarco.Backend.App\WebMarco.Backend.App.Win.csproj", "{B92EDDC6-D699-4495-8F0D-7D5DFE6A3211}"
EndProject
Project("{FAE04EC0-301F-11D3-BF4B-00C04F79EFBC}") = "WebMarco.Backend.Bridge.Win", "WebMarco.Backend.Bridge\WebMarco.Backend.Bridge.Win.csproj", "{753F0C33-6DCA-4196-9FA2-D14CF22ED15C}"
EndProject
Project("{FAE04EC0-301F-11D3-BF4B-00C04F79EFBC}") = "BridgeTry.Frontend.Win", "Task\Frontend\BridgeTry.Frontend\BridgeTry.Frontend.Win.csproj", "{62766904-C4D5-4A61-8408-116464CAA085}"
EndProject
Project("{FAE04EC0-301F-11D3-BF4B-00C04F79EFBC}") = "WebMarco.Frontend.Win", "WebMarco.Frontend\WebMarco.Frontend.Win.csproj", "{361B0319-5EF6-40B6-8003-CEC86D08DC6F}"
EndProject
Project("{FAE04EC0-301F-11D3-BF4B-00C04F79EFBC}") = "BridgeTry.Win", "Task\Platforms\Win\BridgeTry.Win.csproj", "{9989C6E8-0239-49AE-95CA-D25FB88B71E3}"
	ProjectSection(ProjectDependencies) = postProject
		{CACF1024-EC84-4601-A4F7-4203320870DC} = {CACF1024-EC84-4601-A4F7-4203320870DC}
		{753F0C33-6DCA-4196-9FA2-D14CF22ED15C} = {753F0C33-6DCA-4196-9FA2-D14CF22ED15C}
		{A707CAA0-2670-49C8-94B3-254198825D2B} = {A707CAA0-2670-49C8-94B3-254198825D2B}
		{796286C2-CBBB-40F8-94A7-CFAD35DE1508} = {796286C2-CBBB-40F8-94A7-CFAD35DE1508}
		{472E40CE-377D-4C5D-B755-FA11DCDA2347} = {472E40CE-377D-4C5D-B755-FA11DCDA2347}
	EndProjectSection
EndProject
Project("{FAE04EC0-301F-11D3-BF4B-00C04F79EFBC}") = "BridgeTry.Backend.Core.Test.Win", "Task\Backend\Core.Test\BridgeTry.Backend.Core.Test\BridgeTry.Backend.Core.Test.Win.csproj", "{57B7965F-A5A1-438E-8580-FEA935267A19}"
EndProject
Project("{2150E333-8FDC-42A3-9474-1A3956D46DE8}") = "Common", "Common", "{AA3C46F8-1EA0-4CA9-82AE-505218D73F4B}"
EndProject
Project("{2150E333-8FDC-42A3-9474-1A3956D46DE8}") = "Task", "Task", "{B2B945FC-5FF9-4000-A5CD-BB36B3497464}"
EndProject
Project("{FAE04EC0-301F-11D3-BF4B-00C04F79EFBC}") = "Vici.CoolStorage.NET", "Modules\Vici\CoolStorage\library\Vici.CoolStorage.NET.csproj", "{CACF1024-EC84-4601-A4F7-4203320870DC}"
EndProject
Project("{FAE04EC0-301F-11D3-BF4B-00C04F79EFBC}") = "Vici.Core", "Modules\Vici\Core\Library\Vici.Core.csproj", "{472E40CE-377D-4C5D-B755-FA11DCDA2347}"
EndProject
Project("{FAE04EC0-301F-11D3-BF4B-00C04F79EFBC}") = "Vici.CoolStorage.SQLite", "Modules\Vici\CoolStorage\drivers\sqlite\Vici.CoolStorage.SQLite.csproj", "{796286C2-CBBB-40F8-94A7-CFAD35DE1508}"
EndProject
Project("{FAE04EC0-301F-11D3-BF4B-00C04F79EFBC}") = "WebMarco.Utilities.Test.Win", "WebMarco.Utilities.Test\WebMarco.Utilities.Test.Win.csproj", "{D4B48E17-BD2E-484E-BDA4-648F253C6EF4}"
EndProject
Global
	GlobalSection(SolutionConfigurationPlatforms) = preSolution
		Debug|Any CPU = Debug|Any CPU
		Debug|Mixed Platforms = Debug|Mixed Platforms
		Debug|x64 = Debug|x64
		Debug|x86 = Debug|x86
		Release|Any CPU = Release|Any CPU
		Release|Mixed Platforms = Release|Mixed Platforms
		Release|x64 = Release|x64
		Release|x86 = Release|x86
	EndGlobalSection
	GlobalSection(ProjectConfigurationPlatforms) = postSolution
		{78CDAD65-F1C2-4AB3-B2C9-66BB422C3062}.Debug|Any CPU.ActiveCfg = Debug|Any CPU
		{78CDAD65-F1C2-4AB3-B2C9-66BB422C3062}.Debug|Any CPU.Build.0 = Debug|Any CPU
		{78CDAD65-F1C2-4AB3-B2C9-66BB422C3062}.Debug|Mixed Platforms.ActiveCfg = Debug|Any CPU
		{78CDAD65-F1C2-4AB3-B2C9-66BB422C3062}.Debug|Mixed Platforms.Build.0 = Debug|Any CPU
		{78CDAD65-F1C2-4AB3-B2C9-66BB422C3062}.Debug|x64.ActiveCfg = Debug|Any CPU
		{78CDAD65-F1C2-4AB3-B2C9-66BB422C3062}.Debug|x64.Build.0 = Debug|Any CPU
		{78CDAD65-F1C2-4AB3-B2C9-66BB422C3062}.Debug|x86.ActiveCfg = Debug|x86
		{78CDAD65-F1C2-4AB3-B2C9-66BB422C3062}.Debug|x86.Build.0 = Debug|x86
		{78CDAD65-F1C2-4AB3-B2C9-66BB422C3062}.Release|Any CPU.ActiveCfg = Release|Any CPU
		{78CDAD65-F1C2-4AB3-B2C9-66BB422C3062}.Release|Any CPU.Build.0 = Release|Any CPU
		{78CDAD65-F1C2-4AB3-B2C9-66BB422C3062}.Release|Mixed Platforms.ActiveCfg = Release|Any CPU
		{78CDAD65-F1C2-4AB3-B2C9-66BB422C3062}.Release|Mixed Platforms.Build.0 = Release|Any CPU
		{78CDAD65-F1C2-4AB3-B2C9-66BB422C3062}.Release|x64.ActiveCfg = Release|Any CPU
		{78CDAD65-F1C2-4AB3-B2C9-66BB422C3062}.Release|x86.ActiveCfg = Release|Any CPU
		{78CDAD65-F1C2-4AB3-B2C9-66BB422C3062}.Release|x86.Build.0 = Release|Any CPU
		{A707CAA0-2670-49C8-94B3-254198825D2B}.Debug|Any CPU.ActiveCfg = Debug|Any CPU
		{A707CAA0-2670-49C8-94B3-254198825D2B}.Debug|Any CPU.Build.0 = Debug|Any CPU
		{A707CAA0-2670-49C8-94B3-254198825D2B}.Debug|Mixed Platforms.ActiveCfg = Debug|Any CPU
		{A707CAA0-2670-49C8-94B3-254198825D2B}.Debug|Mixed Platforms.Build.0 = Debug|Any CPU
		{A707CAA0-2670-49C8-94B3-254198825D2B}.Debug|x64.ActiveCfg = Debug|Any CPU
		{A707CAA0-2670-49C8-94B3-254198825D2B}.Debug|x64.Build.0 = Debug|Any CPU
		{A707CAA0-2670-49C8-94B3-254198825D2B}.Debug|x86.ActiveCfg = Debug|x86
		{A707CAA0-2670-49C8-94B3-254198825D2B}.Debug|x86.Build.0 = Debug|x86
		{A707CAA0-2670-49C8-94B3-254198825D2B}.Release|Any CPU.ActiveCfg = Release|Any CPU
		{A707CAA0-2670-49C8-94B3-254198825D2B}.Release|Any CPU.Build.0 = Release|Any CPU
		{A707CAA0-2670-49C8-94B3-254198825D2B}.Release|Mixed Platforms.ActiveCfg = Release|Any CPU
		{A707CAA0-2670-49C8-94B3-254198825D2B}.Release|Mixed Platforms.Build.0 = Release|Any CPU
		{A707CAA0-2670-49C8-94B3-254198825D2B}.Release|x64.ActiveCfg = Release|Any CPU
		{A707CAA0-2670-49C8-94B3-254198825D2B}.Release|x86.ActiveCfg = Release|Any CPU
		{A707CAA0-2670-49C8-94B3-254198825D2B}.Release|x86.Build.0 = Release|Any CPU
		{B92EDDC6-D699-4495-8F0D-7D5DFE6A3211}.Debug|Any CPU.ActiveCfg = Debug|Any CPU
		{B92EDDC6-D699-4495-8F0D-7D5DFE6A3211}.Debug|Any CPU.Build.0 = Debug|Any CPU
		{B92EDDC6-D699-4495-8F0D-7D5DFE6A3211}.Debug|Mixed Platforms.ActiveCfg = Debug|Any CPU
		{B92EDDC6-D699-4495-8F0D-7D5DFE6A3211}.Debug|Mixed Platforms.Build.0 = Debug|Any CPU
		{B92EDDC6-D699-4495-8F0D-7D5DFE6A3211}.Debug|x64.ActiveCfg = Debug|Any CPU
		{B92EDDC6-D699-4495-8F0D-7D5DFE6A3211}.Debug|x64.Build.0 = Debug|Any CPU
		{B92EDDC6-D699-4495-8F0D-7D5DFE6A3211}.Debug|x86.ActiveCfg = Debug|x86
		{B92EDDC6-D699-4495-8F0D-7D5DFE6A3211}.Debug|x86.Build.0 = Debug|x86
		{B92EDDC6-D699-4495-8F0D-7D5DFE6A3211}.Release|Any CPU.ActiveCfg = Release|Any CPU
		{B92EDDC6-D699-4495-8F0D-7D5DFE6A3211}.Release|Any CPU.Build.0 = Release|Any CPU
		{B92EDDC6-D699-4495-8F0D-7D5DFE6A3211}.Release|Mixed Platforms.ActiveCfg = Release|Any CPU
		{B92EDDC6-D699-4495-8F0D-7D5DFE6A3211}.Release|Mixed Platforms.Build.0 = Release|Any CPU
		{B92EDDC6-D699-4495-8F0D-7D5DFE6A3211}.Release|x64.ActiveCfg = Release|Any CPU
		{B92EDDC6-D699-4495-8F0D-7D5DFE6A3211}.Release|x86.ActiveCfg = Release|Any CPU
		{B92EDDC6-D699-4495-8F0D-7D5DFE6A3211}.Release|x86.Build.0 = Release|Any CPU
		{753F0C33-6DCA-4196-9FA2-D14CF22ED15C}.Debug|Any CPU.ActiveCfg = Debug|Any CPU
		{753F0C33-6DCA-4196-9FA2-D14CF22ED15C}.Debug|Any CPU.Build.0 = Debug|Any CPU
		{753F0C33-6DCA-4196-9FA2-D14CF22ED15C}.Debug|Mixed Platforms.ActiveCfg = Debug|Any CPU
		{753F0C33-6DCA-4196-9FA2-D14CF22ED15C}.Debug|Mixed Platforms.Build.0 = Debug|Any CPU
		{753F0C33-6DCA-4196-9FA2-D14CF22ED15C}.Debug|x64.ActiveCfg = Debug|Any CPU
		{753F0C33-6DCA-4196-9FA2-D14CF22ED15C}.Debug|x64.Build.0 = Debug|Any CPU
		{753F0C33-6DCA-4196-9FA2-D14CF22ED15C}.Debug|x86.ActiveCfg = Debug|x86
		{753F0C33-6DCA-4196-9FA2-D14CF22ED15C}.Debug|x86.Build.0 = Debug|x86
		{753F0C33-6DCA-4196-9FA2-D14CF22ED15C}.Release|Any CPU.ActiveCfg = Release|Any CPU
		{753F0C33-6DCA-4196-9FA2-D14CF22ED15C}.Release|Any CPU.Build.0 = Release|Any CPU
		{753F0C33-6DCA-4196-9FA2-D14CF22ED15C}.Release|Mixed Platforms.ActiveCfg = Release|Any CPU
		{753F0C33-6DCA-4196-9FA2-D14CF22ED15C}.Release|Mixed Platforms.Build.0 = Release|Any CPU
		{753F0C33-6DCA-4196-9FA2-D14CF22ED15C}.Release|x64.ActiveCfg = Release|Any CPU
		{753F0C33-6DCA-4196-9FA2-D14CF22ED15C}.Release|x86.ActiveCfg = Release|Any CPU
		{753F0C33-6DCA-4196-9FA2-D14CF22ED15C}.Release|x86.Build.0 = Release|Any CPU
		{62766904-C4D5-4A61-8408-116464CAA085}.Debug|Any CPU.ActiveCfg = Debug|Any CPU
		{62766904-C4D5-4A61-8408-116464CAA085}.Debug|Any CPU.Build.0 = Debug|Any CPU
		{62766904-C4D5-4A61-8408-116464CAA085}.Debug|Mixed Platforms.ActiveCfg = Debug|Any CPU
		{62766904-C4D5-4A61-8408-116464CAA085}.Debug|Mixed Platforms.Build.0 = Debug|Any CPU
		{62766904-C4D5-4A61-8408-116464CAA085}.Debug|x64.ActiveCfg = Debug|Any CPU
		{62766904-C4D5-4A61-8408-116464CAA085}.Debug|x64.Build.0 = Debug|Any CPU
		{62766904-C4D5-4A61-8408-116464CAA085}.Debug|x86.ActiveCfg = Debug|x86
		{62766904-C4D5-4A61-8408-116464CAA085}.Debug|x86.Build.0 = Debug|x86
		{62766904-C4D5-4A61-8408-116464CAA085}.Release|Any CPU.ActiveCfg = Release|Any CPU
		{62766904-C4D5-4A61-8408-116464CAA085}.Release|Any CPU.Build.0 = Release|Any CPU
		{62766904-C4D5-4A61-8408-116464CAA085}.Release|Mixed Platforms.ActiveCfg = Release|Any CPU
		{62766904-C4D5-4A61-8408-116464CAA085}.Release|Mixed Platforms.Build.0 = Release|Any CPU
		{62766904-C4D5-4A61-8408-116464CAA085}.Release|x64.ActiveCfg = Release|Any CPU
		{62766904-C4D5-4A61-8408-116464CAA085}.Release|x86.ActiveCfg = Release|Any CPU
		{62766904-C4D5-4A61-8408-116464CAA085}.Release|x86.Build.0 = Release|Any CPU
		{361B0319-5EF6-40B6-8003-CEC86D08DC6F}.Debug|Any CPU.ActiveCfg = Debug|Any CPU
		{361B0319-5EF6-40B6-8003-CEC86D08DC6F}.Debug|Any CPU.Build.0 = Debug|Any CPU
		{361B0319-5EF6-40B6-8003-CEC86D08DC6F}.Debug|Mixed Platforms.ActiveCfg = Debug|Any CPU
		{361B0319-5EF6-40B6-8003-CEC86D08DC6F}.Debug|Mixed Platforms.Build.0 = Debug|Any CPU
		{361B0319-5EF6-40B6-8003-CEC86D08DC6F}.Debug|x64.ActiveCfg = Debug|Any CPU
		{361B0319-5EF6-40B6-8003-CEC86D08DC6F}.Debug|x64.Build.0 = Debug|Any CPU
		{361B0319-5EF6-40B6-8003-CEC86D08DC6F}.Debug|x86.ActiveCfg = Debug|x86
		{361B0319-5EF6-40B6-8003-CEC86D08DC6F}.Debug|x86.Build.0 = Debug|x86
		{361B0319-5EF6-40B6-8003-CEC86D08DC6F}.Release|Any CPU.ActiveCfg = Release|Any CPU
		{361B0319-5EF6-40B6-8003-CEC86D08DC6F}.Release|Any CPU.Build.0 = Release|Any CPU
		{361B0319-5EF6-40B6-8003-CEC86D08DC6F}.Release|Mixed Platforms.ActiveCfg = Release|Any CPU
		{361B0319-5EF6-40B6-8003-CEC86D08DC6F}.Release|Mixed Platforms.Build.0 = Release|Any CPU
		{361B0319-5EF6-40B6-8003-CEC86D08DC6F}.Release|x64.ActiveCfg = Release|Any CPU
		{361B0319-5EF6-40B6-8003-CEC86D08DC6F}.Release|x86.ActiveCfg = Release|Any CPU
		{361B0319-5EF6-40B6-8003-CEC86D08DC6F}.Release|x86.Build.0 = Release|Any CPU
		{9989C6E8-0239-49AE-95CA-D25FB88B71E3}.Debug|Any CPU.ActiveCfg = Debug|Any CPU
		{9989C6E8-0239-49AE-95CA-D25FB88B71E3}.Debug|Any CPU.Build.0 = Debug|Any CPU
		{9989C6E8-0239-49AE-95CA-D25FB88B71E3}.Debug|Mixed Platforms.ActiveCfg = Debug|x86
		{9989C6E8-0239-49AE-95CA-D25FB88B71E3}.Debug|Mixed Platforms.Build.0 = Debug|x86
		{9989C6E8-0239-49AE-95CA-D25FB88B71E3}.Debug|x64.ActiveCfg = Debug|x64
		{9989C6E8-0239-49AE-95CA-D25FB88B71E3}.Debug|x64.Build.0 = Debug|x64
		{9989C6E8-0239-49AE-95CA-D25FB88B71E3}.Debug|x86.ActiveCfg = Debug|x86
		{9989C6E8-0239-49AE-95CA-D25FB88B71E3}.Debug|x86.Build.0 = Debug|x86
		{9989C6E8-0239-49AE-95CA-D25FB88B71E3}.Release|Any CPU.ActiveCfg = Release|Any CPU
		{9989C6E8-0239-49AE-95CA-D25FB88B71E3}.Release|Any CPU.Build.0 = Release|Any CPU
		{9989C6E8-0239-49AE-95CA-D25FB88B71E3}.Release|Mixed Platforms.ActiveCfg = Release|x86
		{9989C6E8-0239-49AE-95CA-D25FB88B71E3}.Release|Mixed Platforms.Build.0 = Release|x86
		{9989C6E8-0239-49AE-95CA-D25FB88B71E3}.Release|x64.ActiveCfg = Release|x64
		{9989C6E8-0239-49AE-95CA-D25FB88B71E3}.Release|x64.Build.0 = Release|x64
		{9989C6E8-0239-49AE-95CA-D25FB88B71E3}.Release|x86.ActiveCfg = Release|x86
		{9989C6E8-0239-49AE-95CA-D25FB88B71E3}.Release|x86.Build.0 = Release|x86
		{57B7965F-A5A1-438E-8580-FEA935267A19}.Debug|Any CPU.ActiveCfg = Debug|Any CPU
		{57B7965F-A5A1-438E-8580-FEA935267A19}.Debug|Any CPU.Build.0 = Debug|Any CPU
		{57B7965F-A5A1-438E-8580-FEA935267A19}.Debug|Mixed Platforms.ActiveCfg = Debug|Any CPU
		{57B7965F-A5A1-438E-8580-FEA935267A19}.Debug|Mixed Platforms.Build.0 = Debug|Any CPU
		{57B7965F-A5A1-438E-8580-FEA935267A19}.Debug|x64.ActiveCfg = Debug|Any CPU
		{57B7965F-A5A1-438E-8580-FEA935267A19}.Debug|x64.Build.0 = Debug|Any CPU
		{57B7965F-A5A1-438E-8580-FEA935267A19}.Debug|x86.ActiveCfg = Debug|x86
		{57B7965F-A5A1-438E-8580-FEA935267A19}.Debug|x86.Build.0 = Debug|x86
		{57B7965F-A5A1-438E-8580-FEA935267A19}.Release|Any CPU.ActiveCfg = Release|Any CPU
		{57B7965F-A5A1-438E-8580-FEA935267A19}.Release|Any CPU.Build.0 = Release|Any CPU
		{57B7965F-A5A1-438E-8580-FEA935267A19}.Release|Mixed Platforms.ActiveCfg = Release|Any CPU
		{57B7965F-A5A1-438E-8580-FEA935267A19}.Release|Mixed Platforms.Build.0 = Release|Any CPU
		{57B7965F-A5A1-438E-8580-FEA935267A19}.Release|x64.ActiveCfg = Release|Any CPU
		{57B7965F-A5A1-438E-8580-FEA935267A19}.Release|x86.ActiveCfg = Release|Any CPU
		{CACF1024-EC84-4601-A4F7-4203320870DC}.Debug|Any CPU.ActiveCfg = Debug|Any CPU
		{CACF1024-EC84-4601-A4F7-4203320870DC}.Debug|Any CPU.Build.0 = Debug|Any CPU
		{CACF1024-EC84-4601-A4F7-4203320870DC}.Debug|Mixed Platforms.ActiveCfg = Debug|x86
		{CACF1024-EC84-4601-A4F7-4203320870DC}.Debug|Mixed Platforms.Build.0 = Debug|x86
		{CACF1024-EC84-4601-A4F7-4203320870DC}.Debug|x64.ActiveCfg = Debug|x64
		{CACF1024-EC84-4601-A4F7-4203320870DC}.Debug|x64.Build.0 = Debug|x64
		{CACF1024-EC84-4601-A4F7-4203320870DC}.Debug|x86.ActiveCfg = Debug|x86
		{CACF1024-EC84-4601-A4F7-4203320870DC}.Debug|x86.Build.0 = Debug|x86
		{CACF1024-EC84-4601-A4F7-4203320870DC}.Release|Any CPU.ActiveCfg = Release|Any CPU
		{CACF1024-EC84-4601-A4F7-4203320870DC}.Release|Any CPU.Build.0 = Release|Any CPU
		{CACF1024-EC84-4601-A4F7-4203320870DC}.Release|Mixed Platforms.ActiveCfg = Release|x86
		{CACF1024-EC84-4601-A4F7-4203320870DC}.Release|Mixed Platforms.Build.0 = Release|x86
		{CACF1024-EC84-4601-A4F7-4203320870DC}.Release|x64.ActiveCfg = Release|x64
		{CACF1024-EC84-4601-A4F7-4203320870DC}.Release|x64.Build.0 = Release|x64
		{CACF1024-EC84-4601-A4F7-4203320870DC}.Release|x86.ActiveCfg = Release|x86
		{CACF1024-EC84-4601-A4F7-4203320870DC}.Release|x86.Build.0 = Release|x86
		{472E40CE-377D-4C5D-B755-FA11DCDA2347}.Debug|Any CPU.ActiveCfg = Debug|Any CPU
		{472E40CE-377D-4C5D-B755-FA11DCDA2347}.Debug|Any CPU.Build.0 = Debug|Any CPU
		{472E40CE-377D-4C5D-B755-FA11DCDA2347}.Debug|Mixed Platforms.ActiveCfg = Debug|x86
		{472E40CE-377D-4C5D-B755-FA11DCDA2347}.Debug|Mixed Platforms.Build.0 = Debug|x86
		{472E40CE-377D-4C5D-B755-FA11DCDA2347}.Debug|x64.ActiveCfg = Debug|x64
		{472E40CE-377D-4C5D-B755-FA11DCDA2347}.Debug|x64.Build.0 = Debug|x64
		{472E40CE-377D-4C5D-B755-FA11DCDA2347}.Debug|x86.ActiveCfg = Debug|x86
		{472E40CE-377D-4C5D-B755-FA11DCDA2347}.Debug|x86.Build.0 = Debug|x86
		{472E40CE-377D-4C5D-B755-FA11DCDA2347}.Release|Any CPU.ActiveCfg = Release|Any CPU
		{472E40CE-377D-4C5D-B755-FA11DCDA2347}.Release|Any CPU.Build.0 = Release|Any CPU
		{472E40CE-377D-4C5D-B755-FA11DCDA2347}.Release|Mixed Platforms.ActiveCfg = Release|x86
		{472E40CE-377D-4C5D-B755-FA11DCDA2347}.Release|Mixed Platforms.Build.0 = Release|x86
		{472E40CE-377D-4C5D-B755-FA11DCDA2347}.Release|x64.ActiveCfg = Release|x64
		{472E40CE-377D-4C5D-B755-FA11DCDA2347}.Release|x64.Build.0 = Release|x64
		{472E40CE-377D-4C5D-B755-FA11DCDA2347}.Release|x86.ActiveCfg = Release|x86
		{472E40CE-377D-4C5D-B755-FA11DCDA2347}.Release|x86.Build.0 = Release|x86
		{796286C2-CBBB-40F8-94A7-CFAD35DE1508}.Debug|Any CPU.ActiveCfg = Debug|Any CPU
		{796286C2-CBBB-40F8-94A7-CFAD35DE1508}.Debug|Any CPU.Build.0 = Debug|Any CPU
		{796286C2-CBBB-40F8-94A7-CFAD35DE1508}.Debug|Mixed Platforms.ActiveCfg = Debug|x86
		{796286C2-CBBB-40F8-94A7-CFAD35DE1508}.Debug|Mixed Platforms.Build.0 = Debug|x86
		{796286C2-CBBB-40F8-94A7-CFAD35DE1508}.Debug|x64.ActiveCfg = Debug|x64
		{796286C2-CBBB-40F8-94A7-CFAD35DE1508}.Debug|x64.Build.0 = Debug|x64
		{796286C2-CBBB-40F8-94A7-CFAD35DE1508}.Debug|x86.ActiveCfg = Debug|x86
		{796286C2-CBBB-40F8-94A7-CFAD35DE1508}.Debug|x86.Build.0 = Debug|x86
		{796286C2-CBBB-40F8-94A7-CFAD35DE1508}.Release|Any CPU.ActiveCfg = Release|Any CPU
		{796286C2-CBBB-40F8-94A7-CFAD35DE1508}.Release|Any CPU.Build.0 = Release|Any CPU
		{796286C2-CBBB-40F8-94A7-CFAD35DE1508}.Release|Mixed Platforms.ActiveCfg = Release|x86
		{796286C2-CBBB-40F8-94A7-CFAD35DE1508}.Release|Mixed Platforms.Build.0 = Release|x86
		{796286C2-CBBB-40F8-94A7-CFAD35DE1508}.Release|x64.ActiveCfg = Release|x64
		{796286C2-CBBB-40F8-94A7-CFAD35DE1508}.Release|x64.Build.0 = Release|x64
		{796286C2-CBBB-40F8-94A7-CFAD35DE1508}.Release|x86.ActiveCfg = Release|x86
		{796286C2-CBBB-40F8-94A7-CFAD35DE1508}.Release|x86.Build.0 = Release|x86
		{D4B48E17-BD2E-484E-BDA4-648F253C6EF4}.Debug|Any CPU.ActiveCfg = Debug|Any CPU
		{D4B48E17-BD2E-484E-BDA4-648F253C6EF4}.Debug|Any CPU.Build.0 = Debug|Any CPU
		{D4B48E17-BD2E-484E-BDA4-648F253C6EF4}.Debug|Mixed Platforms.ActiveCfg = Debug|Any CPU
		{D4B48E17-BD2E-484E-BDA4-648F253C6EF4}.Debug|Mixed Platforms.Build.0 = Debug|Any CPU
		{D4B48E17-BD2E-484E-BDA4-648F253C6EF4}.Debug|x64.ActiveCfg = Debug|Any CPU
		{D4B48E17-BD2E-484E-BDA4-648F253C6EF4}.Debug|x86.ActiveCfg = Debug|x86
		{D4B48E17-BD2E-484E-BDA4-648F253C6EF4}.Debug|x86.Build.0 = Debug|x86
		{D4B48E17-BD2E-484E-BDA4-648F253C6EF4}.Release|Any CPU.ActiveCfg = Release|Any CPU
		{D4B48E17-BD2E-484E-BDA4-648F253C6EF4}.Release|Any CPU.Build.0 = Release|Any CPU
		{D4B48E17-BD2E-484E-BDA4-648F253C6EF4}.Release|Mixed Platforms.ActiveCfg = Release|Any CPU
		{D4B48E17-BD2E-484E-BDA4-648F253C6EF4}.Release|Mixed Platforms.Build.0 = Release|Any CPU
		{D4B48E17-BD2E-484E-BDA4-648F253C6EF4}.Release|x64.ActiveCfg = Release|Any CPU
		{D4B48E17-BD2E-484E-BDA4-648F253C6EF4}.Release|x86.ActiveCfg = Release|Any CPU
	EndGlobalSection
	GlobalSection(SolutionProperties) = preSolution
		HideSolutionNode = FALSE
	EndGlobalSection
	GlobalSection(NestedProjects) = preSolution
		{AA3C46F8-1EA0-4CA9-82AE-505218D73F4B} = {8CF100CB-E734-451A-AD56-DDEF76F53F1C}
		{361B0319-5EF6-40B6-8003-CEC86D08DC6F} = {8CF100CB-E734-451A-AD56-DDEF76F53F1C}
		{14B0A316-402A-4ED5-A70B-E9E281CE93D6} = {1AA33DBB-3D8D-4C55-983A-CA2D3F2310E9}
		{9989C6E8-0239-49AE-95CA-D25FB88B71E3} = {14B0A316-402A-4ED5-A70B-E9E281CE93D6}
		{78CDAD65-F1C2-4AB3-B2C9-66BB422C3062} = {5312C88F-F365-4F23-8292-DEC454518947}
		{D4B48E17-BD2E-484E-BDA4-648F253C6EF4} = {5312C88F-F365-4F23-8292-DEC454518947}
		{D42D03C8-487E-4C3C-97AE-B75DBAC685E2} = {6D13BA17-8E37-4EFB-9C54-271B50F79A5B}
		{7EE2B43F-E3B0-474C-A7EC-D7EF5C61F784} = {6D13BA17-8E37-4EFB-9C54-271B50F79A5B}
		{B92EDDC6-D699-4495-8F0D-7D5DFE6A3211} = {6D13BA17-8E37-4EFB-9C54-271B50F79A5B}
		{753F0C33-6DCA-4196-9FA2-D14CF22ED15C} = {6D13BA17-8E37-4EFB-9C54-271B50F79A5B}
		{21A4D69D-73F0-4EDA-872A-FD7BAEC7E009} = {D42D03C8-487E-4C3C-97AE-B75DBAC685E2}
		{DE6609AA-138D-4C08-A44E-E86776ACDC33} = {D42D03C8-487E-4C3C-97AE-B75DBAC685E2}
		{75B7E2D2-C567-47AD-9170-F53A3C456F5E} = {7EE2B43F-E3B0-474C-A7EC-D7EF5C61F784}
		{CACF1024-EC84-4601-A4F7-4203320870DC} = {21A4D69D-73F0-4EDA-872A-FD7BAEC7E009}
		{472E40CE-377D-4C5D-B755-FA11DCDA2347} = {21A4D69D-73F0-4EDA-872A-FD7BAEC7E009}
		{796286C2-CBBB-40F8-94A7-CFAD35DE1508} = {75B7E2D2-C567-47AD-9170-F53A3C456F5E}
		{A707CAA0-2670-49C8-94B3-254198825D2B} = {DE6609AA-138D-4C08-A44E-E86776ACDC33}
		{57B7965F-A5A1-438E-8580-FEA935267A19} = {DE6609AA-138D-4C08-A44E-E86776ACDC33}
		{B2B945FC-5FF9-4000-A5CD-BB36B3497464} = {AA3C46F8-1EA0-4CA9-82AE-505218D73F4B}
		{62766904-C4D5-4A61-8408-116464CAA085} = {B2B945FC-5FF9-4000-A5CD-BB36B3497464}
	EndGlobalSection
EndGlobal
